Microsoft Visual Studio Solution File, Format Version 7.00
Project("{F184B08F-C81C-45F6-A57F-5ABD9991F28F}") = "EX2", "EX2.vbproj", "{3CA1E453-C790-46D1-AA23-5920053D927E}"
EndProject
Global
	GlobalSection(SolutionConfiguration) = preSolution
		ConfigName.0 = Debug
		ConfigName.1 = Release
	EndGlobalSection
	GlobalSection(ProjectDependencies) = postSolution
	EndGlobalSection
	GlobalSection(ProjectConfiguration) = postSolution
		{3CA1E453-C790-46D1-AA23-5920053D927E}.Debug.ActiveCfg = Debug|.NET
		{3CA1E453-C790-46D1-AA23-5920053D927E}.Debug.Build.0 = Debug|.NET
		{3CA1E453-C790-46D1-AA23-5920053D927E}.Release.ActiveCfg = Release|.NET
		{3CA1E453-C790-46D1-AA23-5920053D927E}.Release.Build.0 = Release|.NET
	EndGlobalSection
	GlobalSection(ExtensibilityGlobals) = postSolution
	EndGlobalSection
	GlobalSection(ExtensibilityAddIns) = postSolution
	EndGlobalSection
EndGlobal
